
Microsoft Visual Studio Solution File, Format Version 12.00
# Visual Studio Version 17
VisualStudioVersion = 17.2.32616.157
MinimumVisualStudioVersion = 10.0.40219.1
Project("{FAE04EC0-301F-11D3-BF4B-00C04F79EFBC}") = "Infrastructure", "Infrastructure\Infrastructure.csproj", "{0D485556-55A6-4271-98E7-01329CF5DF93}"
EndProject
Project("{FAE04EC0-301F-11D3-BF4B-00C04F79EFBC}") = "Domain", "Domain\Domain.csproj", "{AAB47014-92CC-4891-AFA4-CA628D878CDF}"
EndProject
Project("{FAE04EC0-301F-11D3-BF4B-00C04F79EFBC}") = "CrossCutting", "CrossCutting\CrossCutting.csproj", "{2BD1B66F-72D0-492F-8D7A-6BBF017C658F}"
EndProject
Project("{FAE04EC0-301F-11D3-BF4B-00C04F79EFBC}") = "Application", "Application\Application.csproj", "{7E753B08-1C31-4435-AF2D-EFEED11DCD07}"
EndProject
Project("{FAE04EC0-301F-11D3-BF4B-00C04F79EFBC}") = "API", "API\API.csproj", "{97B92054-B087-439F-9E3A-6E2CC0EEB711}"
EndProject
Global
	GlobalSection(SolutionConfigurationPlatforms) = preSolution
		Debug|Any CPU = Debug|Any CPU
		Release|Any CPU = Release|Any CPU
	EndGlobalSection
	GlobalSection(ProjectConfigurationPlatforms) = postSolution
		{0D485556-55A6-4271-98E7-01329CF5DF93}.Debug|Any CPU.ActiveCfg = Debug|Any CPU
		{0D485556-55A6-4271-98E7-01329CF5DF93}.Debug|Any CPU.Build.0 = Debug|Any CPU
		{0D485556-55A6-4271-98E7-01329CF5DF93}.Release|Any CPU.ActiveCfg = Release|Any CPU
		{0D485556-55A6-4271-98E7-01329CF5DF93}.Release|Any CPU.Build.0 = Release|Any CPU
		{AAB47014-92CC-4891-AFA4-CA628D878CDF}.Debug|Any CPU.ActiveCfg = Debug|Any CPU
		{AAB47014-92CC-4891-AFA4-CA628D878CDF}.Debug|Any CPU.Build.0 = Debug|Any CPU
		{AAB47014-92CC-4891-AFA4-CA628D878CDF}.Release|Any CPU.ActiveCfg = Release|Any CPU
		{AAB47014-92CC-4891-AFA4-CA628D878CDF}.Release|Any CPU.Build.0 = Release|Any CPU
		{2BD1B66F-72D0-492F-8D7A-6BBF017C658F}.Debug|Any CPU.ActiveCfg = Debug|Any CPU
		{2BD1B66F-72D0-492F-8D7A-6BBF017C658F}.Debug|Any CPU.Build.0 = Debug|Any CPU
		{2BD1B66F-72D0-492F-8D7A-6BBF017C658F}.Release|Any CPU.ActiveCfg = Release|Any CPU
		{2BD1B66F-72D0-492F-8D7A-6BBF017C658F}.Release|Any CPU.Build.0 = Release|Any CPU
		{7E753B08-1C31-4435-AF2D-EFEED11DCD07}.Debug|Any CPU.ActiveCfg = Debug|Any CPU
		{7E753B08-1C31-4435-AF2D-EFEED11DCD07}.Debug|Any CPU.Build.0 = Debug|Any CPU
		{7E753B08-1C31-4435-AF2D-EFEED11DCD07}.Release|Any CPU.ActiveCfg = Release|Any CPU
		{7E753B08-1C31-4435-AF2D-EFEED11DCD07}.Release|Any CPU.Build.0 = Release|Any CPU
		{97B92054-B087-439F-9E3A-6E2CC0EEB711}.Debug|Any CPU.ActiveCfg = Debug|Any CPU
		{97B92054-B087-439F-9E3A-6E2CC0EEB711}.Debug|Any CPU.Build.0 = Debug|Any CPU
		{97B92054-B087-439F-9E3A-6E2CC0EEB711}.Release|Any CPU.ActiveCfg = Release|Any CPU
		{97B92054-B087-439F-9E3A-6E2CC0EEB711}.Release|Any CPU.Build.0 = Release|Any CPU
	EndGlobalSection
	GlobalSection(SolutionProperties) = preSolution
		HideSolutionNode = FALSE
	EndGlobalSection
	GlobalSection(ExtensibilityGlobals) = postSolution
		SolutionGuid = {D06DE4C2-99D0-41BE-8A79-DE6A5B98A85E}
	EndGlobalSection
EndGlobal
